
Microsoft Visual Studio Solution File, Format Version 12.00
Project("{FAE04EC0-301F-11D3-BF4B-00C04F79EFBC}") = "ExternalSort", "ExternalSort\ExternalSort.csproj", "{37542248-7A61-460E-8842-3D8B6E0F0082}"
EndProject
Project("{FAE04EC0-301F-11D3-BF4B-00C04F79EFBC}") = "ExternalSort.Tests", "ExternalSort.Tests\ExternalSort.Tests.csproj", "{844A1B95-955C-4004-9345-25196EE638B3}"
EndProject
Project("{FAE04EC0-301F-11D3-BF4B-00C04F79EFBC}") = "ExternalSort.Generator", "ExternalSort.Generator\ExternalSort.Generator.csproj", "{2CD8775E-C2B6-4E48-BDD6-E00A24B45C62}"
EndProject
Global
	GlobalSection(SolutionConfigurationPlatforms) = preSolution
		Debug|Any CPU = Debug|Any CPU
		Release|Any CPU = Release|Any CPU
	EndGlobalSection
	GlobalSection(ProjectConfigurationPlatforms) = postSolution
		{37542248-7A61-460E-8842-3D8B6E0F0082}.Debug|Any CPU.ActiveCfg = Debug|Any CPU
		{37542248-7A61-460E-8842-3D8B6E0F0082}.Debug|Any CPU.Build.0 = Debug|Any CPU
		{37542248-7A61-460E-8842-3D8B6E0F0082}.Release|Any CPU.ActiveCfg = Release|Any CPU
		{37542248-7A61-460E-8842-3D8B6E0F0082}.Release|Any CPU.Build.0 = Release|Any CPU
		{844A1B95-955C-4004-9345-25196EE638B3}.Debug|Any CPU.ActiveCfg = Debug|Any CPU
		{844A1B95-955C-4004-9345-25196EE638B3}.Debug|Any CPU.Build.0 = Debug|Any CPU
		{844A1B95-955C-4004-9345-25196EE638B3}.Release|Any CPU.ActiveCfg = Release|Any CPU
		{844A1B95-955C-4004-9345-25196EE638B3}.Release|Any CPU.Build.0 = Release|Any CPU
		{2CD8775E-C2B6-4E48-BDD6-E00A24B45C62}.Debug|Any CPU.ActiveCfg = Debug|Any CPU
		{2CD8775E-C2B6-4E48-BDD6-E00A24B45C62}.Debug|Any CPU.Build.0 = Debug|Any CPU
		{2CD8775E-C2B6-4E48-BDD6-E00A24B45C62}.Release|Any CPU.ActiveCfg = Release|Any CPU
		{2CD8775E-C2B6-4E48-BDD6-E00A24B45C62}.Release|Any CPU.Build.0 = Release|Any CPU
	EndGlobalSection
EndGlobal
